github.com/indranandjha1993/nummanip v1.0.2 h1:26M+Zx75Hg2rh25kPiJCvUwWrGv+pfl2zYlAXD0Q9hI=
github.com/indranandjha1993/nummanip v1.0.2/go.mod h1:h9UiH60vDanRzD6JVaukWMuK2aUEIvwdijmENW41Trw=
github.com/indranandjha1993/nummanip/v2 v2.0.0 h1:L31OcRONQ05dYT8nSJQZ550BNSoj0QGQdKNVHvVqH9Q=
github.com/indranandjha1993/nummanip/v2 v2.0.0/go.mod h1:gH/4E6rF0BHtkllWSxojGQKPFmWCQuAoeGVnf5evqek=
github.com/pkg/errors v0.9.1 h1:FEBLx1zS214owpjy7qsBeixbURkuhQAwrK5UwLGTwt4=
github.com/pkg/errors v0.9.1/go.mod h1:bwawxfHBFNV+L2hUp1rHADufV3IMtnDRdf1r5NINEl0=
